
Microsoft Visual Studio Solution File, Format Version 12.00
# Visual Studio Version 16
VisualStudioVersion = 16.0.30011.22
MinimumVisualStudioVersion = 10.0.40219.1
Project("{FAE04EC0-301F-11D3-BF4B-00C04F79EFBC}") = "Sales.Android", "Sales\Sales.Android\Sales.Android.csproj", "{2F3E65B0-393B-46CC-82E6-B3E9E01C380E}"
EndProject
Project("{FAE04EC0-301F-11D3-BF4B-00C04F79EFBC}") = "Sales.iOS", "Sales\Sales.iOS\Sales.iOS.csproj", "{22242BD3-79D8-46F7-A546-88A2EC0E3969}"
EndProject
Project("{9A19103F-16F7-4668-BE54-9A1E7A4F7556}") = "Sales", "Sales\Sales\Sales.csproj", "{4917A443-ADD2-403F-AF71-B703F8C30A7D}"
EndProject
Project("{FAE04EC0-301F-11D3-BF4B-00C04F79EFBC}") = "Sales.Domain", "Sales.Domain\Sales.Domain.csproj", "{A1E9D5F8-C310-4183-8414-BC205E2E1102}"
EndProject
Project("{FAE04EC0-301F-11D3-BF4B-00C04F79EFBC}") = "Sales.Common", "Sales.Common\Sales.Common.csproj", "{14B71BB6-A163-4D07-B6F6-68624A48767D}"
EndProject
Project("{FAE04EC0-301F-11D3-BF4B-00C04F79EFBC}") = "Sales.Backend", "Sales.Backend\Sales.Backend.csproj", "{9C309606-7D10-4ECF-BC89-646176DC60FB}"
EndProject
Project("{FAE04EC0-301F-11D3-BF4B-00C04F79EFBC}") = "Sales.API", "Sales.API\Sales.API.csproj", "{AE4CCE70-B4DC-4AF0-8875-A002E715D66A}"
EndProject
Global
	GlobalSection(SolutionConfigurationPlatforms) = preSolution
		Debug|Any CPU = Debug|Any CPU
		Debug|ARM = Debug|ARM
		Debug|iPhone = Debug|iPhone
		Debug|iPhoneSimulator = Debug|iPhoneSimulator
		Debug|x64 = Debug|x64
		Debug|x86 = Debug|x86
		Release|Any CPU = Release|Any CPU
		Release|ARM = Release|ARM
		Release|iPhone = Release|iPhone
		Release|iPhoneSimulator = Release|iPhoneSimulator
		Release|x64 = Release|x64
		Release|x86 = Release|x86
	EndGlobalSection
	GlobalSection(ProjectConfigurationPlatforms) = postSolution
		{2F3E65B0-393B-46CC-82E6-B3E9E01C380E}.Debug|Any CPU.ActiveCfg = Debug|Any CPU
		{2F3E65B0-393B-46CC-82E6-B3E9E01C380E}.Debug|Any CPU.Build.0 = Debug|Any CPU
		{2F3E65B0-393B-46CC-82E6-B3E9E01C380E}.Debug|Any CPU.Deploy.0 = Debug|Any CPU
		{2F3E65B0-393B-46CC-82E6-B3E9E01C380E}.Debug|ARM.ActiveCfg = Debug|Any CPU
		{2F3E65B0-393B-46CC-82E6-B3E9E01C380E}.Debug|ARM.Build.0 = Debug|Any CPU
		{2F3E65B0-393B-46CC-82E6-B3E9E01C380E}.Debug|ARM.Deploy.0 = Debug|Any CPU
		{2F3E65B0-393B-46CC-82E6-B3E9E01C380E}.Debug|iPhone.ActiveCfg = Debug|Any CPU
		{2F3E65B0-393B-46CC-82E6-B3E9E01C380E}.Debug|iPhone.Build.0 = Debug|Any CPU
		{2F3E65B0-393B-46CC-82E6-B3E9E01C380E}.Debug|iPhone.Deploy.0 = Debug|Any CPU
		{2F3E65B0-393B-46CC-82E6-B3E9E01C380E}.Debug|iPhoneSimulator.ActiveCfg = Debug|Any CPU
		{2F3E65B0-393B-46CC-82E6-B3E9E01C380E}.Debug|iPhoneSimulator.Build.0 = Debug|Any CPU
		{2F3E65B0-393B-46CC-82E6-B3E9E01C380E}.Debug|iPhoneSimulator.Deploy.0 = Debug|Any CPU
		{2F3E65B0-393B-46CC-82E6-B3E9E01C380E}.Debug|x64.ActiveCfg = Debug|Any CPU
		{2F3E65B0-393B-46CC-82E6-B3E9E01C380E}.Debug|x64.Build.0 = Debug|Any CPU
		{2F3E65B0-393B-46CC-82E6-B3E9E01C380E}.Debug|x64.Deploy.0 = Debug|Any CPU
		{2F3E65B0-393B-46CC-82E6-B3E9E01C380E}.Debug|x86.ActiveCfg = Debug|Any CPU
		{2F3E65B0-393B-46CC-82E6-B3E9E01C380E}.Debug|x86.Build.0 = Debug|Any CPU
		{2F3E65B0-393B-46CC-82E6-B3E9E01C380E}.Debug|x86.Deploy.0 = Debug|Any CPU
		{2F3E65B0-393B-46CC-82E6-B3E9E01C380E}.Release|Any CPU.ActiveCfg = Release|Any CPU
		{2F3E65B0-393B-46CC-82E6-B3E9E01C380E}.Release|Any CPU.Build.0 = Release|Any CPU
		{2F3E65B0-393B-46CC-82E6-B3E9E01C380E}.Release|Any CPU.Deploy.0 = Release|Any CPU
		{2F3E65B0-393B-46CC-82E6-B3E9E01C380E}.Release|ARM.ActiveCfg = Release|Any CPU
		{2F3E65B0-393B-46CC-82E6-B3E9E01C380E}.Release|ARM.Build.0 = Release|Any CPU
		{2F3E65B0-393B-46CC-82E6-B3E9E01C380E}.Release|ARM.Deploy.0 = Release|Any CPU
		{2F3E65B0-393B-46CC-82E6-B3E9E01C380E}.Release|iPhone.ActiveCfg = Release|Any CPU
		{2F3E65B0-393B-46CC-82E6-B3E9E01C380E}.Release|iPhone.Build.0 = Release|Any CPU
		{2F3E65B0-393B-46CC-82E6-B3E9E01C380E}.Release|iPhone.Deploy.0 = Release|Any CPU
		{2F3E65B0-393B-46CC-82E6-B3E9E01C380E}.Release|iPhoneSimulator.ActiveCfg = Release|Any CPU
		{2F3E65B0-393B-46CC-82E6-B3E9E01C380E}.Release|iPhoneSimulator.Build.0 = Release|Any CPU
		{2F3E65B0-393B-46CC-82E6-B3E9E01C380E}.Release|iPhoneSimulator.Deploy.0 = Release|Any CPU
		{2F3E65B0-393B-46CC-82E6-B3E9E01C380E}.Release|x64.ActiveCfg = Release|Any CPU
		{2F3E65B0-393B-46CC-82E6-B3E9E01C380E}.Release|x64.Build.0 = Release|Any CPU
		{2F3E65B0-393B-46CC-82E6-B3E9E01C380E}.Release|x64.Deploy.0 = Release|Any CPU
		{2F3E65B0-393B-46CC-82E6-B3E9E01C380E}.Release|x86.ActiveCfg = Release|Any CPU
		{2F3E65B0-393B-46CC-82E6-B3E9E01C380E}.Release|x86.Build.0 = Release|Any CPU
		{2F3E65B0-393B-46CC-82E6-B3E9E01C380E}.Release|x86.Deploy.0 = Release|Any CPU
		{22242BD3-79D8-46F7-A546-88A2EC0E3969}.Debug|Any CPU.ActiveCfg = Debug|iPhone
		{22242BD3-79D8-46F7-A546-88A2EC0E3969}.Debug|Any CPU.Build.0 = Debug|iPhone
		{22242BD3-79D8-46F7-A546-88A2EC0E3969}.Debug|Any CPU.Deploy.0 = Debug|iPhone
		{22242BD3-79D8-46F7-A546-88A2EC0E3969}.Debug|ARM.ActiveCfg = Debug|iPhone
		{22242BD3-79D8-46F7-A546-88A2EC0E3969}.Debug|ARM.Build.0 = Debug|iPhone
		{22242BD3-79D8-46F7-A546-88A2EC0E3969}.Debug|ARM.Deploy.0 = Debug|iPhone
		{22242BD3-79D8-46F7-A546-88A2EC0E3969}.Debug|iPhone.ActiveCfg = Debug|iPhone
		{22242BD3-79D8-46F7-A546-88A2EC0E3969}.Debug|iPhone.Build.0 = Debug|iPhone
		{22242BD3-79D8-46F7-A546-88A2EC0E3969}.Debug|iPhone.Deploy.0 = Debug|iPhone
		{22242BD3-79D8-46F7-A546-88A2EC0E3969}.Debug|iPhoneSimulator.ActiveCfg = Debug|iPhoneSimulator
		{22242BD3-79D8-46F7-A546-88A2EC0E3969}.Debug|iPhoneSimulator.Build.0 = Debug|iPhoneSimulator
		{22242BD3-79D8-46F7-A546-88A2EC0E3969}.Debug|iPhoneSimulator.Deploy.0 = Debug|iPhoneSimulator
		{22242BD3-79D8-46F7-A546-88A2EC0E3969}.Debug|x64.ActiveCfg = Debug|iPhone
		{22242BD3-79D8-46F7-A546-88A2EC0E3969}.Debug|x64.Build.0 = Debug|iPhone
		{22242BD3-79D8-46F7-A546-88A2EC0E3969}.Debug|x64.Deploy.0 = Debug|iPhone
		{22242BD3-79D8-46F7-A546-88A2EC0E3969}.Debug|x86.ActiveCfg = Debug|iPhone
		{22242BD3-79D8-46F7-A546-88A2EC0E3969}.Debug|x86.Build.0 = Debug|iPhone
		{22242BD3-79D8-46F7-A546-88A2EC0E3969}.Debug|x86.Deploy.0 = Debug|iPhone
		{22242BD3-79D8-46F7-A546-88A2EC0E3969}.Release|Any CPU.ActiveCfg = Release|iPhone
		{22242BD3-79D8-46F7-A546-88A2EC0E3969}.Release|Any CPU.Build.0 = Release|iPhone
		{22242BD3-79D8-46F7-A546-88A2EC0E3969}.Release|Any CPU.Deploy.0 = Release|iPhone
		{22242BD3-79D8-46F7-A546-88A2EC0E3969}.Release|ARM.ActiveCfg = Release|iPhone
		{22242BD3-79D8-46F7-A546-88A2EC0E3969}.Release|ARM.Build.0 = Release|iPhone
		{22242BD3-79D8-46F7-A546-88A2EC0E3969}.Release|ARM.Deploy.0 = Release|iPhone
		{22242BD3-79D8-46F7-A546-88A2EC0E3969}.Release|iPhone.ActiveCfg = Release|iPhone
		{22242BD3-79D8-46F7-A546-88A2EC0E3969}.Release|iPhone.Build.0 = Release|iPhone
		{22242BD3-79D8-46F7-A546-88A2EC0E3969}.Release|iPhone.Deploy.0 = Release|iPhone
		{22242BD3-79D8-46F7-A546-88A2EC0E3969}.Release|iPhoneSimulator.ActiveCfg = Release|iPhoneSimulator
		{22242BD3-79D8-46F7-A546-88A2EC0E3969}.Release|iPhoneSimulator.Build.0 = Release|iPhoneSimulator
		{22242BD3-79D8-46F7-A546-88A2EC0E3969}.Release|iPhoneSimulator.Deploy.0 = Release|iPhoneSimulator
		{22242BD3-79D8-46F7-A546-88A2EC0E3969}.Release|x64.ActiveCfg = Release|iPhone
		{22242BD3-79D8-46F7-A546-88A2EC0E3969}.Release|x64.Build.0 = Release|iPhone
		{22242BD3-79D8-46F7-A546-88A2EC0E3969}.Release|x64.Deploy.0 = Release|iPhone
		{22242BD3-79D8-46F7-A546-88A2EC0E3969}.Release|x86.ActiveCfg = Release|iPhone
		{22242BD3-79D8-46F7-A546-88A2EC0E3969}.Release|x86.Build.0 = Release|iPhone
		{22242BD3-79D8-46F7-A546-88A2EC0E3969}.Release|x86.Deploy.0 = Release|iPhone
		{4917A443-ADD2-403F-AF71-B703F8C30A7D}.Debug|Any CPU.ActiveCfg = Debug|Any CPU
		{4917A443-ADD2-403F-AF71-B703F8C30A7D}.Debug|Any CPU.Build.0 = Debug|Any CPU
		{4917A443-ADD2-403F-AF71-B703F8C30A7D}.Debug|Any CPU.Deploy.0 = Debug|Any CPU
		{4917A443-ADD2-403F-AF71-B703F8C30A7D}.Debug|ARM.ActiveCfg = Debug|Any CPU
		{4917A443-ADD2-403F-AF71-B703F8C30A7D}.Debug|ARM.Build.0 = Debug|Any CPU
		{4917A443-ADD2-403F-AF71-B703F8C30A7D}.Debug|ARM.Deploy.0 = Debug|Any CPU
		{4917A443-ADD2-403F-AF71-B703F8C30A7D}.Debug|iPhone.ActiveCfg = Debug|Any CPU
		{4917A443-ADD2-403F-AF71-B703F8C30A7D}.Debug|iPhone.Build.0 = Debug|Any CPU
		{4917A443-ADD2-403F-AF71-B703F8C30A7D}.Debug|iPhone.Deploy.0 = Debug|Any CPU
		{4917A443-ADD2-403F-AF71-B703F8C30A7D}.Debug|iPhoneSimulator.ActiveCfg = Debug|Any CPU
		{4917A443-ADD2-403F-AF71-B703F8C30A7D}.Debug|iPhoneSimulator.Build.0 = Debug|Any CPU
		{4917A443-ADD2-403F-AF71-B703F8C30A7D}.Debug|iPhoneSimulator.Deploy.0 = Debug|Any CPU
		{4917A443-ADD2-403F-AF71-B703F8C30A7D}.Debug|x64.ActiveCfg = Debug|Any CPU
		{4917A443-ADD2-403F-AF71-B703F8C30A7D}.Debug|x64.Build.0 = Debug|Any CPU
		{4917A443-ADD2-403F-AF71-B703F8C30A7D}.Debug|x64.Deploy.0 = Debug|Any CPU
		{4917A443-ADD2-403F-AF71-B703F8C30A7D}.Debug|x86.ActiveCfg = Debug|Any CPU
		{4917A443-ADD2-403F-AF71-B703F8C30A7D}.Debug|x86.Build.0 = Debug|Any CPU
		{4917A443-ADD2-403F-AF71-B703F8C30A7D}.Debug|x86.Deploy.0 = Debug|Any CPU
		{4917A443-ADD2-403F-AF71-B703F8C30A7D}.Release|Any CPU.ActiveCfg = Release|Any CPU
		{4917A443-ADD2-403F-AF71-B703F8C30A7D}.Release|Any CPU.Build.0 = Release|Any CPU
		{4917A443-ADD2-403F-AF71-B703F8C30A7D}.Release|Any CPU.Deploy.0 = Release|Any CPU
		{4917A443-ADD2-403F-AF71-B703F8C30A7D}.Release|ARM.ActiveCfg = Release|Any CPU
		{4917A443-ADD2-403F-AF71-B703F8C30A7D}.Release|ARM.Build.0 = Release|Any CPU
		{4917A443-ADD2-403F-AF71-B703F8C30A7D}.Release|ARM.Deploy.0 = Release|Any CPU
		{4917A443-ADD2-403F-AF71-B703F8C30A7D}.Release|iPhone.ActiveCfg = Release|Any CPU
		{4917A443-ADD2-403F-AF71-B703F8C30A7D}.Release|iPhone.Build.0 = Release|Any CPU
		{4917A443-ADD2-403F-AF71-B703F8C30A7D}.Release|iPhone.Deploy.0 = Release|Any CPU
		{4917A443-ADD2-403F-AF71-B703F8C30A7D}.Release|iPhoneSimulator.ActiveCfg = Release|Any CPU
		{4917A443-ADD2-403F-AF71-B703F8C30A7D}.Release|iPhoneSimulator.Build.0 = Release|Any CPU
		{4917A443-ADD2-403F-AF71-B703F8C30A7D}.Release|iPhoneSimulator.Deploy.0 = Release|Any CPU
		{4917A443-ADD2-403F-AF71-B703F8C30A7D}.Release|x64.ActiveCfg = Release|Any CPU
		{4917A443-ADD2-403F-AF71-B703F8C30A7D}.Release|x64.Build.0 = Release|Any CPU
		{4917A443-ADD2-403F-AF71-B703F8C30A7D}.Release|x64.Deploy.0 = Release|Any CPU
		{4917A443-ADD2-403F-AF71-B703F8C30A7D}.Release|x86.ActiveCfg = Release|Any CPU
		{4917A443-ADD2-403F-AF71-B703F8C30A7D}.Release|x86.Build.0 = Release|Any CPU
		{4917A443-ADD2-403F-AF71-B703F8C30A7D}.Release|x86.Deploy.0 = Release|Any CPU
		{A1E9D5F8-C310-4183-8414-BC205E2E1102}.Debug|Any CPU.ActiveCfg = Debug|Any CPU
		{A1E9D5F8-C310-4183-8414-BC205E2E1102}.Debug|Any CPU.Build.0 = Debug|Any CPU
		{A1E9D5F8-C310-4183-8414-BC205E2E1102}.Debug|ARM.ActiveCfg = Debug|Any CPU
		{A1E9D5F8-C310-4183-8414-BC205E2E1102}.Debug|ARM.Build.0 = Debug|Any CPU
		{A1E9D5F8-C310-4183-8414-BC205E2E1102}.Debug|iPhone.ActiveCfg = Debug|Any CPU
		{A1E9D5F8-C310-4183-8414-BC205E2E1102}.Debug|iPhone.Build.0 = Debug|Any CPU
		{A1E9D5F8-C310-4183-8414-BC205E2E1102}.Debug|iPhoneSimulator.ActiveCfg = Debug|Any CPU
		{A1E9D5F8-C310-4183-8414-BC205E2E1102}.Debug|iPhoneSimulator.Build.0 = Debug|Any CPU
		{A1E9D5F8-C310-4183-8414-BC205E2E1102}.Debug|x64.ActiveCfg = Debug|Any CPU
		{A1E9D5F8-C310-4183-8414-BC205E2E1102}.Debug|x64.Build.0 = Debug|Any CPU
		{A1E9D5F8-C310-4183-8414-BC205E2E1102}.Debug|x86.ActiveCfg = Debug|Any CPU
		{A1E9D5F8-C310-4183-8414-BC205E2E1102}.Debug|x86.Build.0 = Debug|Any CPU
		{A1E9D5F8-C310-4183-8414-BC205E2E1102}.Release|Any CPU.ActiveCfg = Release|Any CPU
		{A1E9D5F8-C310-4183-8414-BC205E2E1102}.Release|Any CPU.Build.0 = Release|Any CPU
		{A1E9D5F8-C310-4183-8414-BC205E2E1102}.Release|ARM.ActiveCfg = Release|Any CPU
		{A1E9D5F8-C310-4183-8414-BC205E2E1102}.Release|ARM.Build.0 = Release|Any CPU
		{A1E9D5F8-C310-4183-8414-BC205E2E1102}.Release|iPhone.ActiveCfg = Release|Any CPU
		{A1E9D5F8-C310-4183-8414-BC205E2E1102}.Release|iPhone.Build.0 = Release|Any CPU
		{A1E9D5F8-C310-4183-8414-BC205E2E1102}.Release|iPhoneSimulator.ActiveCfg = Release|Any CPU
		{A1E9D5F8-C310-4183-8414-BC205E2E1102}.Release|iPhoneSimulator.Build.0 = Release|Any CPU
		{A1E9D5F8-C310-4183-8414-BC205E2E1102}.Release|x64.ActiveCfg = Release|Any CPU
		{A1E9D5F8-C310-4183-8414-BC205E2E1102}.Release|x64.Build.0 = Release|Any CPU
		{A1E9D5F8-C310-4183-8414-BC205E2E1102}.Release|x86.ActiveCfg = Release|Any CPU
		{A1E9D5F8-C310-4183-8414-BC205E2E1102}.Release|x86.Build.0 = Release|Any CPU
		{14B71BB6-A163-4D07-B6F6-68624A48767D}.Debug|Any CPU.ActiveCfg = Debug|Any CPU
		{14B71BB6-A163-4D07-B6F6-68624A48767D}.Debug|Any CPU.Build.0 = Debug|Any CPU
		{14B71BB6-A163-4D07-B6F6-68624A48767D}.Debug|ARM.ActiveCfg = Debug|Any CPU
		{14B71BB6-A163-4D07-B6F6-68624A48767D}.Debug|ARM.Build.0 = Debug|Any CPU
		{14B71BB6-A163-4D07-B6F6-68624A48767D}.Debug|iPhone.ActiveCfg = Debug|Any CPU
		{14B71BB6-A163-4D07-B6F6-68624A48767D}.Debug|iPhone.Build.0 = Debug|Any CPU
		{14B71BB6-A163-4D07-B6F6-68624A48767D}.Debug|iPhoneSimulator.ActiveCfg = Debug|Any CPU
		{14B71BB6-A163-4D07-B6F6-68624A48767D}.Debug|iPhoneSimulator.Build.0 = Debug|Any CPU
		{14B71BB6-A163-4D07-B6F6-68624A48767D}.Debug|x64.ActiveCfg = Debug|Any CPU
		{14B71BB6-A163-4D07-B6F6-68624A48767D}.Debug|x64.Build.0 = Debug|Any CPU
		{14B71BB6-A163-4D07-B6F6-68624A48767D}.Debug|x86.ActiveCfg = Debug|Any CPU
		{14B71BB6-A163-4D07-B6F6-68624A48767D}.Debug|x86.Build.0 = Debug|Any CPU
		{14B71BB6-A163-4D07-B6F6-68624A48767D}.Release|Any CPU.ActiveCfg = Release|Any CPU
		{14B71BB6-A163-4D07-B6F6-68624A48767D}.Release|Any CPU.Build.0 = Release|Any CPU
		{14B71BB6-A163-4D07-B6F6-68624A48767D}.Release|ARM.ActiveCfg = Release|Any CPU
		{14B71BB6-A163-4D07-B6F6-68624A48767D}.Release|ARM.Build.0 = Release|Any CPU
		{14B71BB6-A163-4D07-B6F6-68624A48767D}.Release|iPhone.ActiveCfg = Release|Any CPU
		{14B71BB6-A163-4D07-B6F6-68624A48767D}.Release|iPhone.Build.0 = Release|Any CPU
		{14B71BB6-A163-4D07-B6F6-68624A48767D}.Release|iPhoneSimulator.ActiveCfg = Release|Any CPU
		{14B71BB6-A163-4D07-B6F6-68624A48767D}.Release|iPhoneSimulator.Build.0 = Release|Any CPU
		{14B71BB6-A163-4D07-B6F6-68624A48767D}.Release|x64.ActiveCfg = Release|Any CPU
		{14B71BB6-A163-4D07-B6F6-68624A48767D}.Release|x64.Build.0 = Release|Any CPU
		{14B71BB6-A163-4D07-B6F6-68624A48767D}.Release|x86.ActiveCfg = Release|Any CPU
		{14B71BB6-A163-4D07-B6F6-68624A48767D}.Release|x86.Build.0 = Release|Any CPU
		{9C309606-7D10-4ECF-BC89-646176DC60FB}.Debug|Any CPU.ActiveCfg = Debug|Any CPU
		{9C309606-7D10-4ECF-BC89-646176DC60FB}.Debug|Any CPU.Build.0 = Debug|Any CPU
		{9C309606-7D10-4ECF-BC89-646176DC60FB}.Debug|ARM.ActiveCfg = Debug|Any CPU
		{9C309606-7D10-4ECF-BC89-646176DC60FB}.Debug|ARM.Build.0 = Debug|Any CPU
		{9C309606-7D10-4ECF-BC89-646176DC60FB}.Debug|iPhone.ActiveCfg = Debug|Any CPU
		{9C309606-7D10-4ECF-BC89-646176DC60FB}.Debug|iPhone.Build.0 = Debug|Any CPU
		{9C309606-7D10-4ECF-BC89-646176DC60FB}.Debug|iPhoneSimulator.ActiveCfg = Debug|Any CPU
		{9C309606-7D10-4ECF-BC89-646176DC60FB}.Debug|iPhoneSimulator.Build.0 = Debug|Any CPU
		{9C309606-7D10-4ECF-BC89-646176DC60FB}.Debug|x64.ActiveCfg = Debug|Any CPU
		{9C309606-7D10-4ECF-BC89-646176DC60FB}.Debug|x64.Build.0 = Debug|Any CPU
		{9C309606-7D10-4ECF-BC89-646176DC60FB}.Debug|x86.ActiveCfg = Debug|Any CPU
		{9C309606-7D10-4ECF-BC89-646176DC60FB}.Debug|x86.Build.0 = Debug|Any CPU
		{9C309606-7D10-4ECF-BC89-646176DC60FB}.Release|Any CPU.ActiveCfg = Release|Any CPU
		{9C309606-7D10-4ECF-BC89-646176DC60FB}.Release|Any CPU.Build.0 = Release|Any CPU
		{9C309606-7D10-4ECF-BC89-646176DC60FB}.Release|ARM.ActiveCfg = Release|Any CPU
		{9C309606-7D10-4ECF-BC89-646176DC60FB}.Release|ARM.Build.0 = Release|Any CPU
		{9C309606-7D10-4ECF-BC89-646176DC60FB}.Release|iPhone.ActiveCfg = Release|Any CPU
		{9C309606-7D10-4ECF-BC89-646176DC60FB}.Release|iPhone.Build.0 = Release|Any CPU
		{9C309606-7D10-4ECF-BC89-646176DC60FB}.Release|iPhoneSimulator.ActiveCfg = Release|Any CPU
		{9C309606-7D10-4ECF-BC89-646176DC60FB}.Release|iPhoneSimulator.Build.0 = Release|Any CPU
		{9C309606-7D10-4ECF-BC89-646176DC60FB}.Release|x64.ActiveCfg = Release|Any CPU
		{9C309606-7D10-4ECF-BC89-646176DC60FB}.Release|x64.Build.0 = Release|Any CPU
		{9C309606-7D10-4ECF-BC89-646176DC60FB}.Release|x86.ActiveCfg = Release|Any CPU
		{9C309606-7D10-4ECF-BC89-646176DC60FB}.Release|x86.Build.0 = Release|Any CPU
		{AE4CCE70-B4DC-4AF0-8875-A002E715D66A}.Debug|Any CPU.ActiveCfg = Debug|Any CPU
		{AE4CCE70-B4DC-4AF0-8875-A002E715D66A}.Debug|Any CPU.Build.0 = Debug|Any CPU
		{AE4CCE70-B4DC-4AF0-8875-A002E715D66A}.Debug|ARM.ActiveCfg = Debug|Any CPU
		{AE4CCE70-B4DC-4AF0-8875-A002E715D66A}.Debug|ARM.Build.0 = Debug|Any CPU
		{AE4CCE70-B4DC-4AF0-8875-A002E715D66A}.Debug|iPhone.ActiveCfg = Debug|Any CPU
		{AE4CCE70-B4DC-4AF0-8875-A002E715D66A}.Debug|iPhone.Build.0 = Debug|Any CPU
		{AE4CCE70-B4DC-4AF0-8875-A002E715D66A}.Debug|iPhoneSimulator.ActiveCfg = Debug|Any CPU
		{AE4CCE70-B4DC-4AF0-8875-A002E715D66A}.Debug|iPhoneSimulator.Build.0 = Debug|Any CPU
		{AE4CCE70-B4DC-4AF0-8875-A002E715D66A}.Debug|x64.ActiveCfg = Debug|Any CPU
		{AE4CCE70-B4DC-4AF0-8875-A002E715D66A}.Debug|x64.Build.0 = Debug|Any CPU
		{AE4CCE70-B4DC-4AF0-8875-A002E715D66A}.Debug|x86.ActiveCfg = Debug|Any CPU
		{AE4CCE70-B4DC-4AF0-8875-A002E715D66A}.Debug|x86.Build.0 = Debug|Any CPU
		{AE4CCE70-B4DC-4AF0-8875-A002E715D66A}.Release|Any CPU.ActiveCfg = Release|Any CPU
		{AE4CCE70-B4DC-4AF0-8875-A002E715D66A}.Release|Any CPU.Build.0 = Release|Any CPU
		{AE4CCE70-B4DC-4AF0-8875-A002E715D66A}.Release|ARM.ActiveCfg = Release|Any CPU
		{AE4CCE70-B4DC-4AF0-8875-A002E715D66A}.Release|ARM.Build.0 = Release|Any CPU
		{AE4CCE70-B4DC-4AF0-8875-A002E715D66A}.Release|iPhone.ActiveCfg = Release|Any CPU
		{AE4CCE70-B4DC-4AF0-8875-A002E715D66A}.Release|iPhone.Build.0 = Release|Any CPU
		{AE4CCE70-B4DC-4AF0-8875-A002E715D66A}.Release|iPhoneSimulator.ActiveCfg = Release|Any CPU
		{AE4CCE70-B4DC-4AF0-8875-A002E715D66A}.Release|iPhoneSimulator.Build.0 = Release|Any CPU
		{AE4CCE70-B4DC-4AF0-8875-A002E715D66A}.Release|x64.ActiveCfg = Release|Any CPU
		{AE4CCE70-B4DC-4AF0-8875-A002E715D66A}.Release|x64.Build.0 = Release|Any CPU
		{AE4CCE70-B4DC-4AF0-8875-A002E715D66A}.Release|x86.ActiveCfg = Release|Any CPU
		{AE4CCE70-B4DC-4AF0-8875-A002E715D66A}.Release|x86.Build.0 = Release|Any CPU
	EndGlobalSection
	GlobalSection(SolutionProperties) = preSolution
		HideSolutionNode = FALSE
	EndGlobalSection
	GlobalSection(ExtensibilityGlobals) = postSolution
		RESX_PrefixTranslations = False
		SolutionGuid = {47CCB394-0DD8-4CF1-8D40-C9D96CFD67A1}
	EndGlobalSection
EndGlobal
